// !$*UTF8*$!
{
	archiveVersion = 1;
	classes = {
	};
	objectVersion = 50;
	objects = {

/* Begin PBXBuildFile section */
		E661326A25A89C3B00762764 /* AppDelegate.swift in Sources */ = {isa = PBXBuildFile; fileRef = E661326925A89C3B00762764 /* AppDelegate.swift */; };
		E661326C25A89C3B00762764 /* SceneDelegate.swift in Sources */ = {isa = PBXBuildFile; fileRef = E661326B25A89C3B00762764 /* SceneDelegate.swift */; };
		E661326E25A89C3B00762764 /* ViewController.swift in Sources */ = {isa = PBXBuildFile; fileRef = E661326D25A89C3B00762764 /* ViewController.swift */; };
		E661327125A89C3B00762764 /* Main.storyboard in Resources */ = {isa = PBXBuildFile; fileRef = E661326F25A89C3B00762764 /* Main.storyboard */; };
		E661327425A89C3B00762764 /* CoreDataSaveRetrieve.xcdatamodeld in Sources */ = {isa = PBXBuildFile; fileRef = E661327225A89C3B00762764 /* CoreDataSaveRetrieve.xcdatamodeld */; };
		E661327625A89C3C00762764 /* Assets.xcassets in Resources */ = {isa = PBXBuildFile; fileRef = E661327525A89C3C00762764 /* Assets.xcassets */; };
		E661327925A89C3C00762764 /* LaunchScreen.storyboard in Resources */ = {isa = PBXBuildFile; fileRef = E661327725A89C3C00762764 /* LaunchScreen.storyboard */; };
/* End PBXBuildFile section */

/* Begin PBXFileReference section */
		E661326625A89C3B00762764 /* CoreDataSaveRetrieve.app */ = {isa = PBXFileReference; explicitFileType = wrapper.application; includeInIndex = 0; path = CoreDataSaveRetrieve.app; sourceTree = BUILT_PRODUCTS_DIR; };
		E661326925A89C3B00762764 /* AppDelegate.swift */ = {isa = PBXFileReference; lastKnownFileType = sourcecode.swift; path = AppDelegate.swift; sourceTree = "<group>"; };
		E661326B25A89C3B00762764 /* SceneDelegate.swift */ = {isa = PBXFileReference; lastKnownFileType = sourcecode.swift; path = SceneDelegate.swift; sourceTree = "<group>"; };
		E661326D25A89C3B00762764 /* ViewController.swift */ = {isa = PBXFileReference; lastKnownFileType = sourcecode.swift; path = ViewController.swift; sourceTree = "<group>"; };
		E661327025A89C3B00762764 /* Base */ = {isa = PBXFileReference; lastKnownFileType = file.storyboard; name = Base; path = Base.lproj/Main.storyboard; sourceTree = "<group>"; };
		E661327325A89C3B00762764 /* CoreDataSaveRetrieve.xcdatamodel */ = {isa = PBXFileReference; lastKnownFileType = wrapper.xcdatamodel; path = CoreDataSaveRetrieve.xcdatamodel; sourceTree = "<group>"; };
		E661327525A89C3C00762764 /* Assets.xcassets */ = {isa = PBXFileReference; lastKnownFileType = folder.assetcatalog; path = Assets.xcassets; sourceTree = "<group>"; };
		E661327825A89C3C00762764 /* Base */ = {isa = PBXFileReference; lastKnownFileType = file.storyboard; name = Base; path = Base.lproj/LaunchScreen.storyboard; sourceTree = "<group>"; };
		E661327A25A89C3C00762764 /* Info.plist */ = {isa = PBXFileReference; lastKnownFileType = text.plist.xml; path = Info.plist; sourceTree = "<group>"; };
/* End PBXFileReference section */

/* Begin PBXFrameworksBuildPhase section */
		E661326325A89C3B00762764 /* Frameworks */ = {
			isa = PBXFrameworksBuildPhase;
			buildActionMask = 2147483647;
			files = (
			);
			runOnlyForDeploymentPostprocessing = 0;
		};
/* End PBXFrameworksBuildPhase section */

/* Begin PBXGroup section */
		E661325D25A89C3B00762764 = {
			isa = PBXGroup;
			children = (
				E661326825A89C3B00762764 /* CoreDataSaveRetrieve */,
				E661326725A89C3B00762764 /* Products */,
			);
			sourceTree = "<group>";
		};
		E661326725A89C3B00762764 /* Products */ = {
			isa = PBXGroup;
			children = (
				E661326625A89C3B00762764 /* CoreDataSaveRetrieve.app */,
			);
			name = Products;
			sourceTree = "<group>";
		};
		E661326825A89C3B00762764 /* CoreDataSaveRetrieve */ = {
			isa = PBXGroup;
			children = (
				E661326D25A89C3B00762764 /* ViewController.swift */,
				E661327225A89C3B00762764 /* CoreDataSaveRetrieve.xcdatamodeld */,
				E661326925A89C3B00762764 /* AppDelegate.swift */,
				E661326B25A89C3B00762764 /* SceneDelegate.swift */,
				E661326F25A89C3B00762764 /* Main.storyboard */,
				E661327525A89C3C00762764 /* Assets.xcassets */,
				E661327725A89C3C00762764 /* LaunchScreen.storyboard */,
				E661327A25A89C3C00762764 /* Info.plist */,
			);
			path = CoreDataSaveRetrieve;
			sourceTree = "<group>";
		};
/* End PBXGroup section */

/* Begin PBXNativeTarget section */
		E661326525A89C3B00762764 /* CoreDataSaveRetrieve */ = {
			isa = PBXNativeTarget;
			buildConfigurationList = E661327D25A89C3C00762764 /* Build configuration list for PBXNativeTarget "CoreDataSaveRetrieve" */;
			buildPhases = (
				E661326225A89C3B00762764 /* Sources */,
				E661326325A89C3B00762764 /* Frameworks */,
				E661326425A89C3B00762764 /* Resources */,
			);
			buildRules = (
			);
			dependencies = (
			);
			name = CoreDataSaveRetrieve;
			productName = CoreDataSaveRetrieve;
			productReference = E661326625A89C3B00762764 /* CoreDataSaveRetrieve.app */;
			productType = "com.apple.product-type.application";
		};
/* End PBXNativeTarget section */

/* Begin PBXProject section */
		E661325E25A89C3B00762764 /* Project object */ = {
			isa = PBXProject;
			attributes = {
				LastSwiftUpdateCheck = 1150;
				LastUpgradeCheck = 1150;
				ORGANIZATIONNAME = Adelante;
				TargetAttributes = {
					E661326525A89C3B00762764 = {
						CreatedOnToolsVersion = 11.5;
					};
				};
			};
			buildConfigurationList = E661326125A89C3B00762764 /* Build configuration list for PBXProject "CoreDataSaveRetrieve" */;
			compatibilityVersion = "Xcode 9.3";
			developmentRegion = en;
			hasScannedForEncodings = 0;
			knownRegions = (
				en,
				Base,
			);
			mainGroup = E661325D25A89C3B00762764;
			productRefGroup = E661326725A89C3B00762764 /* Products */;
			projectDirPath = "";
			projectRoot = "";
			targets = (
				E661326525A89C3B00762764 /* CoreDataSaveRetrieve */,
			);
		};
/* End PBXProject section */

/* Begin PBXResourcesBuildPhase section */
		E661326425A89C3B00762764 /* Resources */ = {
			isa = PBXResourcesBuildPhase;
			buildActionMask = 2147483647;
			files = (
				E661327925A89C3C00762764 /* LaunchScreen.storyboard in Resources */,
				E661327625A89C3C00762764 /* Assets.xcassets in Resources */,
				E661327125A89C3B00762764 /* Main.storyboard in Resources */,
			);
			runOnlyForDeploymentPostprocessing = 0;
		};
/* End PBXResourcesBuildPhase section */

/* Begin PBXSourcesBuildPhase section */
		E661326225A89C3B00762764 /* Sources */ = {
			isa = PBXSourcesBuildPhase;
			buildActionMask = 2147483647;
			files = (
				E661326E25A89C3B00762764 /* ViewController.swift in Sources */,
				E661326A25A89C3B00762764 /* AppDelegate.swift in Sources */,
				E661326C25A89C3B00762764 /* SceneDelegate.swift in Sources */,
				E661327425A89C3B00762764 /* CoreDataSaveRetrieve.xcdatamodeld in Sources */,
			);
			runOnlyForDeploymentPostprocessing = 0;
		};
/* End PBXSourcesBuildPhase section */

/* Begin PBXVariantGroup section */
		E661326F25A89C3B00762764 /* Main.storyboard */ = {
			isa = PBXVariantGroup;
			children = (
				E661327025A89C3B00762764 /* Base */,
			);
			name = Main.storyboard;
			sourceTree = "<group>";
		};
		E661327725A89C3C00762764 /* LaunchScreen.storyboard */ = {
			isa = PBXVariantGroup;
			children = (
				E661327825A89C3C00762764 /* Base */,
			);
			name = LaunchScreen.storyboard;
			sourceTree = "<group>";
		};
/* End PBXVariantGroup section */

/* Begin XCBuildConfiguration section */
		E661327B25A89C3C00762764 /* Debug */ = {
			isa = XCBuildConfiguration;
			buildSettings = {
				ALWAYS_SEARCH_USER_PATHS = NO;
				CLANG_ANALYZER_NONNULL = YES;
				CLANG_ANALYZER_NUMBER_OBJECT_CONVERSION = YES_AGGRESSIVE;
				CLANG_CXX_LANGUAGE_STANDARD = "gnu++14";
				CLANG_CXX_LIBRARY = "libc++";
				CLANG_ENABLE_MODULES = YES;
				CLANG_ENABLE_OBJC_ARC = YES;
				CLANG_ENABLE_OBJC_WEAK = YES;
				CLANG_WARN_BLOCK_CAPTURE_AUTORELEASING = YES;
				CLANG_WARN_BOOL_CONVERSION = YES;
				CLANG_WARN_COMMA = YES;
				CLANG_WARN_CONSTANT_CONVERSION = YES;
				CLANG_WARN_DEPRECATED_OBJC_IMPLEMENTATIONS = YES;
				CLANG_WARN_DIRECT_OBJC_ISA_USAGE = YES_ERROR;
				CLANG_WARN_DOCUMENTATION_COMMENTS = YES;
				CLANG_WARN_EMPTY_BODY = YES;
				CLANG_WARN_ENUM_CONVERSION = YES;
				CLANG_WARN_INFINITE_RECURSION = YES;
				CLANG_WARN_INT_CONVERSION = YES;
				CLANG_WARN_NON_LITERAL_NULL_CONVERSION = YES;
				CLANG_WARN_OBJC_IMPLICIT_RETAIN_SELF = YES;
				CLANG_WARN_OBJC_LITERAL_CONVERSION = YES;
				CLANG_WARN_OBJC_ROOT_CLASS = YES_ERROR;
				CLANG_WARN_RANGE_LOOP_ANALYSIS = YES;
				CLANG_WARN_STRICT_PROTOTYPES = YES;
				CLANG_WARN_SUSPICIOUS_MOVE = YES;
				CLANG_WARN_UNGUARDED_AVAILABILITY = YES_AGGRESSIVE;
				CLANG_WARN_UNREACHABLE_CODE = YES;
				CLANG_WARN__DUPLICATE_METHOD_MATCH = YES;
				COPY_PHASE_STRIP = NO;
				DEBUG_INFORMATION_FORMAT = dwarf;
				ENABLE_STRICT_OBJC_MSGSEND = YES;
				ENABLE_TESTABILITY = YES;
				GCC_C_LANGUAGE_STANDARD = gnu11;
				GCC_DYNAMIC_NO_PIC = NO;
				GCC_NO_COMMON_BLOCKS = YES;
				GCC_OPTIMIZATION_LEVEL = 0;
				GCC_PREPROCESSOR_DEFINITIONS = (
					"DEBUG=1",
					"$(inherited)",
				);
				GCC_WARN_64_TO_32_BIT_CONVERSION = YES;
				GCC_WARN_ABOUT_RETURN_TYPE = YES_ERROR;
				GCC_WARN_UNDECLARED_SELECTOR = YES;
				GCC_WARN_UNINITIALIZED_AUTOS = YES_AGGRESSIVE;
				GCC_WARN_UNUSED_FUNCTION = YES;
				GCC_WARN_UNUSED_VARIABLE = YES;
				IPHONEOS_DEPLOYMENT_TARGET = 13.5;
				MTL_ENABLE_DEBUG_INFO = INCLUDE_SOURCE;
				MTL_FAST_MATH = YES;
				ONLY_ACTIVE_ARCH = YES;
				SDKROOT = iphoneos;
				SWIFT_ACTIVE_COMPILATION_CONDITIONS = DEBUG;
				SWIFT_OPTIMIZATION_LEVEL = "-Onone";
			};
			name = Debug;
		};
		E661327C25A89C3C00762764 /* Release */ = {
			isa = XCBuildConfiguration;
			buildSettings = {
				ALWAYS_SEARCH_USER_PATHS = NO;
				CLANG_ANALYZER_NONNULL = YES;
				CLANG_ANALYZER_NUMBER_OBJECT_CONVERSION = YES_AGGRESSIVE;
				CLANG_CXX_LANGUAGE_STANDARD = "gnu++14";
				CLANG_CXX_LIBRARY = "libc++";
				CLANG_ENABLE_MODULES = YES;
				CLANG_ENABLE_OBJC_ARC = YES;
				CLANG_ENABLE_OBJC_WEAK = YES;
				CLANG_WARN_BLOCK_CAPTURE_AUTORELEASING = YES;
				CLANG_WARN_BOOL_CONVERSION = YES;
				CLANG_WARN_COMMA = YES;
				CLANG_WARN_CONSTANT_CONVERSION = YES;
				CLANG_WARN_DEPRECATED_OBJC_IMPLEMENTATIONS = YES;
				CLANG_WARN_DIRECT_OBJC_ISA_USAGE = YES_ERROR;
				CLANG_WARN_DOCUMENTATION_COMMENTS = YES;
				CLANG_WARN_EMPTY_BODY = YES;
				CLANG_WARN_ENUM_CONVERSION = YES;
				CLANG_WARN_INFINITE_RECURSION = YES;
				CLANG_WARN_INT_CONVERSION = YES;
				CLANG_WARN_NON_LITERAL_NULL_CONVERSION = YES;
				CLANG_WARN_OBJC_IMPLICIT_RETAIN_SELF = YES;
				CLANG_WARN_OBJC_LITERAL_CONVERSION = YES;
				CLANG_WARN_OBJC_ROOT_CLASS = YES_ERROR;
				CLANG_WARN_RANGE_LOOP_ANALYSIS = YES;
				CLANG_WARN_STRICT_PROTOTYPES = YES;
				CLANG_WARN_SUSPICIOUS_MOVE = YES;
				CLANG_WARN_UNGUARDED_AVAILABILITY = YES_AGGRESSIVE;
				CLANG_WARN_UNREACHABLE_CODE = YES;
				CLANG_WARN__DUPLICATE_METHOD_MATCH = YES;
				COPY_PHASE_STRIP = NO;
				DEBUG_INFORMATION_FORMAT = "dwarf-with-dsym";
				ENABLE_NS_ASSERTIONS = NO;
				ENABLE_STRICT_OBJC_MSGSEND = YES;
				GCC_C_LANGUAGE_STANDARD = gnu11;
				GCC_NO_COMMON_BLOCKS = YES;
				GCC_WARN_64_TO_32_BIT_CONVERSION = YES;
				GCC_WARN_ABOUT_RETURN_TYPE = YES_ERROR;
				GCC_WARN_UNDECLARED_SELECTOR = YES;
				GCC_WARN_UNINITIALIZED_AUTOS = YES_AGGRESSIVE;
				GCC_WARN_UNUSED_FUNCTION = YES;
				GCC_WARN_UNUSED_VARIABLE = YES;
				IPHONEOS_DEPLOYMENT_TARGET = 13.5;
				MTL_ENABLE_DEBUG_INFO = NO;
				MTL_FAST_MATH = YES;
				SDKROOT = iphoneos;
				SWIFT_COMPILATION_MODE = wholemodule;
				SWIFT_OPTIMIZATION_LEVEL = "-O";
				VALIDATE_PRODUCT = YES;
			};
			name = Release;
		};
		E661327E25A89C3C00762764 /* Debug */ = {
			isa = XCBuildConfiguration;
			buildSettings = {
				ASSETCATALOG_COMPILER_APPICON_NAME = AppIcon;
				CODE_SIGN_STYLE = Automatic;
				DEVELOPMENT_TEAM = 32WQ32W3C9;
				INFOPLIST_FILE = CoreDataSaveRetrieve/Info.plist;
				LD_RUNPATH_SEARCH_PATHS = (
					"$(inherited)",
					"@executable_path/Frameworks",
				);
				PRODUCT_BUNDLE_IDENTIFIER = ca.adelante.CoreDataSaveRetrieve;
				PRODUCT_NAME = "$(TARGET_NAME)";
				SWIFT_VERSION = 5.0;
				TARGETED_DEVICE_FAMILY = "1,2";
			};
			name = Debug;
		};
		E661327F25A89C3C00762764 /* Release */ = {
			isa = XCBuildConfiguration;
			buildSettings = {
				ASSETCATALOG_COMPILER_APPICON_NAME = AppIcon;
				CODE_SIGN_STYLE = Automatic;
				DEVELOPMENT_TEAM = 32WQ32W3C9;
				INFOPLIST_FILE = CoreDataSaveRetrieve/Info.plist;
				LD_RUNPATH_SEARCH_PATHS = (
					"$(inherited)",
					"@executable_path/Frameworks",
				);
				PRODUCT_BUNDLE_IDENTIFIER = ca.adelante.CoreDataSaveRetrieve;
				PRODUCT_NAME = "$(TARGET_NAME)";
				SWIFT_VERSION = 5.0;
				TARGETED_DEVICE_FAMILY = "1,2";
			};
			name = Release;
		};
/* End XCBuildConfiguration section */

/* Begin XCConfigurationList section */
		E661326125A89C3B00762764 /* Build configuration list for PBXProject "CoreDataSaveRetrieve" */ = {
			isa = XCConfigurationList;
			buildConfigurations = (
				E661327B25A89C3C00762764 /* Debug */,
				E661327C25A89C3C00762764 /* Release */,
			);
			defaultConfigurationIsVisible = 0;
			defaultConfigurationName = Release;
		};
		E661327D25A89C3C00762764 /* Build configuration list for PBXNativeTarget "CoreDataSaveRetrieve" */ = {
			isa = XCConfigurationList;
			buildConfigurations = (
				E661327E25A89C3C00762764 /* Debug */,
				E661327F25A89C3C00762764 /* Release */,
			);
			defaultConfigurationIsVisible = 0;
			defaultConfigurationName = Release;
		};
/* End XCConfigurationList section */

/* Begin XCVersionGroup section */
		E661327225A89C3B00762764 /* CoreDataSaveRetrieve.xcdatamodeld */ = {
			isa = XCVersionGroup;
			children = (
				E661327325A89C3B00762764 /* CoreDataSaveRetrieve.xcdatamodel */,
			);
			currentVersion = E661327325A89C3B00762764 /* CoreDataSaveRetrieve.xcdatamodel */;
			path = CoreDataSaveRetrieve.xcdatamodeld;
			sourceTree = "<group>";
			versionGroupType = wrapper.xcdatamodel;
		};
/* End XCVersionGroup section */
	};
	rootObject = E661325E25A89C3B00762764 /* Project object */;
}
